// !$*UTF8*$!
{
	archiveVersion = 1;
	classes = {
	};
	objectVersion = 46;
	objects = {

/* Begin PBXBuildFile section */
		3BDFB38F1D801FC90071FF53 /* main.m in Sources */ = {isa = PBXBuildFile; fileRef = 3BDFB38E1D801FC90071FF53 /* main.m */; };
		3BDFB3921D801FC90071FF53 /* AppDelegate.m in Sources */ = {isa = PBXBuildFile; fileRef = 3BDFB3911D801FC90071FF53 /* AppDelegate.m */; };
		3BDFB3981D801FC90071FF53 /* Main.storyboard in Resources */ = {isa = PBXBuildFile; fileRef = 3BDFB3961D801FC90071FF53 /* Main.storyboard */; };
		3BDFB39A1D801FC90071FF53 /* Assets.xcassets in Resources */ = {isa = PBXBuildFile; fileRef = 3BDFB3991D801FC90071FF53 /* Assets.xcassets */; };
		3BDFB39D1D801FC90071FF53 /* LaunchScreen.storyboard in Resources */ = {isa = PBXBuildFile; fileRef = 3BDFB39B1D801FC90071FF53 /* LaunchScreen.storyboard */; };
		3BDFB3A61D801FFB0071FF53 /* CollectionViewController.m in Sources */ = {isa = PBXBuildFile; fileRef = 3BDFB3A51D801FFB0071FF53 /* CollectionViewController.m */; };
		3BDFB3A91D8024A80071FF53 /* CollectionReusableView.m in Sources */ = {isa = PBXBuildFile; fileRef = 3BDFB3A81D8024A80071FF53 /* CollectionReusableView.m */; };
/* End PBXBuildFile section */

/* Begin PBXFileReference section */
		3BDFB38A1D801FC90071FF53 /* SDUICollectionViewTest.app */ = {isa = PBXFileReference; explicitFileType = wrapper.application; includeInIndex = 0; path = SDUICollectionViewTest.app; sourceTree = BUILT_PRODUCTS_DIR; };
		3BDFB38E1D801FC90071FF53 /* main.m */ = {isa = PBXFileReference; lastKnownFileType = sourcecode.c.objc; path = main.m; sourceTree = "<group>"; };
		3BDFB3901D801FC90071FF53 /* AppDelegate.h */ = {isa = PBXFileReference; lastKnownFileType = sourcecode.c.h; path = AppDelegate.h; sourceTree = "<group>"; };
		3BDFB3911D801FC90071FF53 /* AppDelegate.m */ = {isa = PBXFileReference; lastKnownFileType = sourcecode.c.objc; path = AppDelegate.m; sourceTree = "<group>"; };
		3BDFB3971D801FC90071FF53 /* Base */ = {isa = PBXFileReference; lastKnownFileType = file.storyboard; name = Base; path = Base.lproj/Main.storyboard; sourceTree = "<group>"; };
		3BDFB3991D801FC90071FF53 /* Assets.xcassets */ = {isa = PBXFileReference; lastKnownFileType = folder.assetcatalog; path = Assets.xcassets; sourceTree = "<group>"; };
		3BDFB39C1D801FC90071FF53 /* Base */ = {isa = PBXFileReference; lastKnownFileType = file.storyboard; name = Base; path = Base.lproj/LaunchScreen.storyboard; sourceTree = "<group>"; };
		3BDFB39E1D801FC90071FF53 /* Info.plist */ = {isa = PBXFileReference; lastKnownFileType = text.plist.xml; path = Info.plist; sourceTree = "<group>"; };
		3BDFB3A41D801FFB0071FF53 /* CollectionViewController.h */ = {isa = PBXFileReference; fileEncoding = 4; lastKnownFileType = sourcecode.c.h; path = CollectionViewController.h; sourceTree = "<group>"; };
		3BDFB3A51D801FFB0071FF53 /* CollectionViewController.m */ = {isa = PBXFileReference; fileEncoding = 4; lastKnownFileType = sourcecode.c.objc; path = CollectionViewController.m; sourceTree = "<group>"; };
		3BDFB3A71D8024A80071FF53 /* CollectionReusableView.h */ = {isa = PBXFileReference; fileEncoding = 4; lastKnownFileType = sourcecode.c.h; path = CollectionReusableView.h; sourceTree = "<group>"; };
		3BDFB3A81D8024A80071FF53 /* CollectionReusableView.m */ = {isa = PBXFileReference; fileEncoding = 4; lastKnownFileType = sourcecode.c.objc; path = CollectionReusableView.m; sourceTree = "<group>"; };
/* End PBXFileReference section */

/* Begin PBXFrameworksBuildPhase section */
		3BDFB3871D801FC90071FF53 /* Frameworks */ = {
			isa = PBXFrameworksBuildPhase;
			buildActionMask = 2147483647;
			files = (
			);
			runOnlyForDeploymentPostprocessing = 0;
		};
/* End PBXFrameworksBuildPhase section */

/* Begin PBXGroup section */
		3BDFB3811D801FC90071FF53 = {
			isa = PBXGroup;
			children = (
				3BDFB38C1D801FC90071FF53 /* SDUICollectionViewTest */,
				3BDFB38B1D801FC90071FF53 /* Products */,
			);
			sourceTree = "<group>";
		};
		3BDFB38B1D801FC90071FF53 /* Products */ = {
			isa = PBXGroup;
			children = (
				3BDFB38A1D801FC90071FF53 /* SDUICollectionViewTest.app */,
			);
			name = Products;
			sourceTree = "<group>";
		};
		3BDFB38C1D801FC90071FF53 /* SDUICollectionViewTest */ = {
			isa = PBXGroup;
			children = (
				3BDFB3901D801FC90071FF53 /* AppDelegate.h */,
				3BDFB3911D801FC90071FF53 /* AppDelegate.m */,
				3BDFB3A41D801FFB0071FF53 /* CollectionViewController.h */,
				3BDFB3A51D801FFB0071FF53 /* CollectionViewController.m */,
				3BDFB3A71D8024A80071FF53 /* CollectionReusableView.h */,
				3BDFB3A81D8024A80071FF53 /* CollectionReusableView.m */,
				3BDFB3961D801FC90071FF53 /* Main.storyboard */,
				3BDFB3991D801FC90071FF53 /* Assets.xcassets */,
				3BDFB39B1D801FC90071FF53 /* LaunchScreen.storyboard */,
				3BDFB39E1D801FC90071FF53 /* Info.plist */,
				3BDFB38D1D801FC90071FF53 /* Supporting Files */,
			);
			path = SDUICollectionViewTest;
			sourceTree = "<group>";
		};
		3BDFB38D1D801FC90071FF53 /* Supporting Files */ = {
			isa = PBXGroup;
			children = (
				3BDFB38E1D801FC90071FF53 /* main.m */,
			);
			name = "Supporting Files";
			sourceTree = "<group>";
		};
/* End PBXGroup section */

/* Begin PBXNativeTarget section */
		3BDFB3891D801FC90071FF53 /* SDUICollectionViewTest */ = {
			isa = PBXNativeTarget;
			buildConfigurationList = 3BDFB3A11D801FC90071FF53 /* Build configuration list for PBXNativeTarget "SDUICollectionViewTest" */;
			buildPhases = (
				3BDFB3861D801FC90071FF53 /* Sources */,
				3BDFB3871D801FC90071FF53 /* Frameworks */,
				3BDFB3881D801FC90071FF53 /* Resources */,
			);
			buildRules = (
			);
			dependencies = (
			);
			name = SDUICollectionViewTest;
			productName = SDUICollectionViewTest;
			productReference = 3BDFB38A1D801FC90071FF53 /* SDUICollectionViewTest.app */;
			productType = "com.apple.product-type.application";
		};
/* End PBXNativeTarget section */

/* Begin PBXProject section */
		3BDFB3821D801FC90071FF53 /* Project object */ = {
			isa = PBXProject;
			attributes = {
				LastUpgradeCheck = 0730;
				ORGANIZATIONNAME = shendong;
				TargetAttributes = {
					3BDFB3891D801FC90071FF53 = {
						CreatedOnToolsVersion = 7.3;
					};
				};
			};
			buildConfigurationList = 3BDFB3851D801FC90071FF53 /* Build configuration list for PBXProject "SDUICollectionViewTest" */;
			compatibilityVersion = "Xcode 3.2";
			developmentRegion = English;
			hasScannedForEncodings = 0;
			knownRegions = (
				en,
				Base,
			);
			mainGroup = 3BDFB3811D801FC90071FF53;
			productRefGroup = 3BDFB38B1D801FC90071FF53 /* Products */;
			projectDirPath = "";
			projectRoot = "";
			targets = (
				3BDFB3891D801FC90071FF53 /* SDUICollectionViewTest */,
			);
		};
/* End PBXProject section */

/* Begin PBXResourcesBuildPhase section */
		3BDFB3881D801FC90071FF53 /* Resources */ = {
			isa = PBXResourcesBuildPhase;
			buildActionMask = 2147483647;
			files = (
				3BDFB39D1D801FC90071FF53 /* LaunchScreen.storyboard in Resources */,
				3BDFB39A1D801FC90071FF53 /* Assets.xcassets in Resources */,
				3BDFB3981D801FC90071FF53 /* Main.storyboard in Resources */,
			);
			runOnlyForDeploymentPostprocessing = 0;
		};
/* End PBXResourcesBuildPhase section */

/* Begin PBXSourcesBuildPhase section */
		3BDFB3861D801FC90071FF53 /* Sources */ = {
			isa = PBXSourcesBuildPhase;
			buildActionMask = 2147483647;
			files = (
				3BDFB3921D801FC90071FF53 /* AppDelegate.m in Sources */,
				3BDFB3A91D8024A80071FF53 /* CollectionReusableView.m in Sources */,
				3BDFB38F1D801FC90071FF53 /* main.m in Sources */,
				3BDFB3A61D801FFB0071FF53 /* CollectionViewController.m in Sources */,
			);
			runOnlyForDeploymentPostprocessing = 0;
		};
/* End PBXSourcesBuildPhase section */

/* Begin PBXVariantGroup section */
		3BDFB3961D801FC90071FF53 /* Main.storyboard */ = {
			isa = PBXVariantGroup;
			children = (
				3BDFB3971D801FC90071FF53 /* Base */,
			);
			name = Main.storyboard;
			sourceTree = "<group>";
		};
		3BDFB39B1D801FC90071FF53 /* LaunchScreen.storyboard */ = {
			isa = PBXVariantGroup;
			children = (
				3BDFB39C1D801FC90071FF53 /* Base */,
			);
			name = LaunchScreen.storyboard;
			sourceTree = "<group>";
		};
/* End PBXVariantGroup section */

/* Begin XCBuildConfiguration section */
		3BDFB39F1D801FC90071FF53 /* Debug */ = {
			isa = XCBuildConfiguration;
			buildSettings = {
				ALWAYS_SEARCH_USER_PATHS = NO;
				CLANG_ANALYZER_NONNULL = YES;
				CLANG_CXX_LANGUAGE_STANDARD = "gnu++0x";
				CLANG_CXX_LIBRARY = "libc++";
				CLANG_ENABLE_MODULES = YES;
				CLANG_ENABLE_OBJC_ARC = YES;
				CLANG_WARN_BOOL_CONVERSION = YES;
				CLANG_WARN_CONSTANT_CONVERSION = YES;
				CLANG_WARN_DIRECT_OBJC_ISA_USAGE = YES_ERROR;
				CLANG_WARN_EMPTY_BODY = YES;
				CLANG_WARN_ENUM_CONVERSION = YES;
				CLANG_WARN_INT_CONVERSION = YES;
				CLANG_WARN_OBJC_ROOT_CLASS = YES_ERROR;
				CLANG_WARN_UNREACHABLE_CODE = YES;
				CLANG_WARN__DUPLICATE_METHOD_MATCH = YES;
				"CODE_SIGN_IDENTITY[sdk=iphoneos*]" = "iPhone Developer";
				COPY_PHASE_STRIP = NO;
				DEBUG_INFORMATION_FORMAT = dwarf;
				ENABLE_STRICT_OBJC_MSGSEND = YES;
				ENABLE_TESTABILITY = YES;
				GCC_C_LANGUAGE_STANDARD = gnu99;
				GCC_DYNAMIC_NO_PIC = NO;
				GCC_NO_COMMON_BLOCKS = YES;
				GCC_OPTIMIZATION_LEVEL = 0;
				GCC_PREPROCESSOR_DEFINITIONS = (
					"DEBUG=1",
					"$(inherited)",
				);
				GCC_WARN_64_TO_32_BIT_CONVERSION = YES;
				GCC_WARN_ABOUT_RETURN_TYPE = YES_ERROR;
				GCC_WARN_UNDECLARED_SELECTOR = YES;
				GCC_WARN_UNINITIALIZED_AUTOS = YES_AGGRESSIVE;
				GCC_WARN_UNUSED_FUNCTION = YES;
				GCC_WARN_UNUSED_VARIABLE = YES;
				IPHONEOS_DEPLOYMENT_TARGET = 9.3;
				MTL_ENABLE_DEBUG_INFO = YES;
				ONLY_ACTIVE_ARCH = YES;
				SDKROOT = iphoneos;
			};
			name = Debug;
		};
		3BDFB3A01D801FC90071FF53 /* Release */ = {
			isa = XCBuildConfiguration;
			buildSettings = {
				ALWAYS_SEARCH_USER_PATHS = NO;
				CLANG_ANALYZER_NONNULL = YES;
				CLANG_CXX_LANGUAGE_STANDARD = "gnu++0x";
				CLANG_CXX_LIBRARY = "libc++";
				CLANG_ENABLE_MODULES = YES;
				CLANG_ENABLE_OBJC_ARC = YES;
				CLANG_WARN_BOOL_CONVERSION = YES;
				CLANG_WARN_CONSTANT_CONVERSION = YES;
				CLANG_WARN_DIRECT_OBJC_ISA_USAGE = YES_ERROR;
				CLANG_WARN_EMPTY_BODY = YES;
				CLANG_WARN_ENUM_CONVERSION = YES;
				CLANG_WARN_INT_CONVERSION = YES;
				CLANG_WARN_OBJC_ROOT_CLASS = YES_ERROR;
				CLANG_WARN_UNREACHABLE_CODE = YES;
				CLANG_WARN__DUPLICATE_METHOD_MATCH = YES;
				"CODE_SIGN_IDENTITY[sdk=iphoneos*]" = "iPhone Developer";
				COPY_PHASE_STRIP = NO;
				DEBUG_INFORMATION_FORMAT = "dwarf-with-dsym";
				ENABLE_NS_ASSERTIONS = NO;
				ENABLE_STRICT_OBJC_MSGSEND = YES;
				GCC_C_LANGUAGE_STANDARD = gnu99;
				GCC_NO_COMMON_BLOCKS = YES;
				GCC_WARN_64_TO_32_BIT_CONVERSION = YES;
				GCC_WARN_ABOUT_RETURN_TYPE = YES_ERROR;
				GCC_WARN_UNDECLARED_SELECTOR = YES;
				GCC_WARN_UNINITIALIZED_AUTOS = YES_AGGRESSIVE;
				GCC_WARN_UNUSED_FUNCTION = YES;
				GCC_WARN_UNUSED_VARIABLE = YES;
				IPHONEOS_DEPLOYMENT_TARGET = 9.3;
				MTL_ENABLE_DEBUG_INFO = NO;
				SDKROOT = iphoneos;
				VALIDATE_PRODUCT = YES;
			};
			name = Release;
		};
		3BDFB3A21D801FC90071FF53 /* Debug */ = {
			isa = XCBuildConfiguration;
			buildSettings = {
				ASSETCATALOG_COMPILER_APPICON_NAME = AppIcon;
				INFOPLIST_FILE = SDUICollectionViewTest/Info.plist;
				LD_RUNPATH_SEARCH_PATHS = "$(inherited) @executable_path/Frameworks";
				PRODUCT_BUNDLE_IDENTIFIER = daxiang.SDUICollectionViewTest;
				PRODUCT_NAME = "$(TARGET_NAME)";
			};
			name = Debug;
		};
		3BDFB3A31D801FC90071FF53 /* Release */ = {
			isa = XCBuildConfiguration;
			buildSettings = {
				ASSETCATALOG_COMPILER_APPICON_NAME = AppIcon;
				INFOPLIST_FILE = SDUICollectionViewTest/Info.plist;
				LD_RUNPATH_SEARCH_PATHS = "$(inherited) @executable_path/Frameworks";
				PRODUCT_BUNDLE_IDENTIFIER = daxiang.SDUICollectionViewTest;
				PRODUCT_NAME = "$(TARGET_NAME)";
			};
			name = Release;
		};
/* End XCBuildConfiguration section */

/* Begin XCConfigurationList section */
		3BDFB3851D801FC90071FF53 /* Build configuration list for PBXProject "SDUICollectionViewTest" */ = {
			isa = XCConfigurationList;
			buildConfigurations = (
				3BDFB39F1D801FC90071FF53 /* Debug */,
				3BDFB3A01D801FC90071FF53 /* Release */,
			);
			defaultConfigurationIsVisible = 0;
			defaultConfigurationName = Release;
		};
		3BDFB3A11D801FC90071FF53 /* Build configuration list for PBXNativeTarget "SDUICollectionViewTest" */ = {
			isa = XCConfigurationList;
			buildConfigurations = (
				3BDFB3A21D801FC90071FF53 /* Debug */,
				3BDFB3A31D801FC90071FF53 /* Release */,
			);
			defaultConfigurationIsVisible = 0;
		};
/* End XCConfigurationList section */
	};
	rootObject = 3BDFB3821D801FC90071FF53 /* Project object */;
}
