// !$*UTF8*$!
{
	archiveVersion = 1;
	classes = {
	};
	objectVersion = 46;
	objects = {

/* Begin PBXBuildFile section */
		3BD1E61D1D76C44D003E1F10 /* AppDelegate.swift in Sources */ = {isa = PBXBuildFile; fileRef = 3BD1E61C1D76C44D003E1F10 /* AppDelegate.swift */; };
		3BD1E61F1D76C44D003E1F10 /* ViewController.swift in Sources */ = {isa = PBXBuildFile; fileRef = 3BD1E61E1D76C44D003E1F10 /* ViewController.swift */; };
		3BD1E6221D76C44D003E1F10 /* Main.storyboard in Resources */ = {isa = PBXBuildFile; fileRef = 3BD1E6201D76C44D003E1F10 /* Main.storyboard */; };
		3BD1E6241D76C44D003E1F10 /* Assets.xcassets in Resources */ = {isa = PBXBuildFile; fileRef = 3BD1E6231D76C44D003E1F10 /* Assets.xcassets */; };
		3BD1E6271D76C44D003E1F10 /* LaunchScreen.storyboard in Resources */ = {isa = PBXBuildFile; fileRef = 3BD1E6251D76C44D003E1F10 /* LaunchScreen.storyboard */; };
		3BD1E62F1D76C9F7003E1F10 /* PlayersViewController.swift in Sources */ = {isa = PBXBuildFile; fileRef = 3BD1E62E1D76C9F7003E1F10 /* PlayersViewController.swift */; };
		3BD1E6311D76CA5B003E1F10 /* Player.swift in Sources */ = {isa = PBXBuildFile; fileRef = 3BD1E6301D76CA5B003E1F10 /* Player.swift */; };
		3BD1E6351D76CBD3003E1F10 /* SampleData.swift in Sources */ = {isa = PBXBuildFile; fileRef = 3BD1E6341D76CBD3003E1F10 /* SampleData.swift */; };
		3BD1E6371D76D852003E1F10 /* littledog.jpg in Resources */ = {isa = PBXBuildFile; fileRef = 3BD1E6361D76D852003E1F10 /* littledog.jpg */; };
		3BD1E6391D76D9F3003E1F10 /* PlayerCell.swift in Sources */ = {isa = PBXBuildFile; fileRef = 3BD1E6381D76D9F3003E1F10 /* PlayerCell.swift */; };
		3BD1E63D1D76E171003E1F10 /* PlayerDetailsViewController.swift in Sources */ = {isa = PBXBuildFile; fileRef = 3BD1E63C1D76E171003E1F10 /* PlayerDetailsViewController.swift */; };
/* End PBXBuildFile section */

/* Begin PBXFileReference section */
		3BD1E6191D76C44D003E1F10 /* RayCoreConcepts_SB1.app */ = {isa = PBXFileReference; explicitFileType = wrapper.application; includeInIndex = 0; path = RayCoreConcepts_SB1.app; sourceTree = BUILT_PRODUCTS_DIR; };
		3BD1E61C1D76C44D003E1F10 /* AppDelegate.swift */ = {isa = PBXFileReference; lastKnownFileType = sourcecode.swift; path = AppDelegate.swift; sourceTree = "<group>"; };
		3BD1E61E1D76C44D003E1F10 /* ViewController.swift */ = {isa = PBXFileReference; lastKnownFileType = sourcecode.swift; path = ViewController.swift; sourceTree = "<group>"; };
		3BD1E6211D76C44D003E1F10 /* Base */ = {isa = PBXFileReference; lastKnownFileType = file.storyboard; name = Base; path = Base.lproj/Main.storyboard; sourceTree = "<group>"; };
		3BD1E6231D76C44D003E1F10 /* Assets.xcassets */ = {isa = PBXFileReference; lastKnownFileType = folder.assetcatalog; path = Assets.xcassets; sourceTree = "<group>"; };
		3BD1E6261D76C44D003E1F10 /* Base */ = {isa = PBXFileReference; lastKnownFileType = file.storyboard; name = Base; path = Base.lproj/LaunchScreen.storyboard; sourceTree = "<group>"; };
		3BD1E6281D76C44D003E1F10 /* Info.plist */ = {isa = PBXFileReference; lastKnownFileType = text.plist.xml; path = Info.plist; sourceTree = "<group>"; };
		3BD1E62E1D76C9F7003E1F10 /* PlayersViewController.swift */ = {isa = PBXFileReference; fileEncoding = 4; lastKnownFileType = sourcecode.swift; path = PlayersViewController.swift; sourceTree = "<group>"; };
		3BD1E6301D76CA5B003E1F10 /* Player.swift */ = {isa = PBXFileReference; fileEncoding = 4; lastKnownFileType = sourcecode.swift; path = Player.swift; sourceTree = "<group>"; };
		3BD1E6341D76CBD3003E1F10 /* SampleData.swift */ = {isa = PBXFileReference; fileEncoding = 4; lastKnownFileType = sourcecode.swift; path = SampleData.swift; sourceTree = "<group>"; };
		3BD1E6361D76D852003E1F10 /* littledog.jpg */ = {isa = PBXFileReference; lastKnownFileType = image.jpeg; path = littledog.jpg; sourceTree = "<group>"; };
		3BD1E6381D76D9F3003E1F10 /* PlayerCell.swift */ = {isa = PBXFileReference; fileEncoding = 4; lastKnownFileType = sourcecode.swift; path = PlayerCell.swift; sourceTree = "<group>"; };
		3BD1E63C1D76E171003E1F10 /* PlayerDetailsViewController.swift */ = {isa = PBXFileReference; fileEncoding = 4; lastKnownFileType = sourcecode.swift; path = PlayerDetailsViewController.swift; sourceTree = "<group>"; };
/* End PBXFileReference section */

/* Begin PBXFrameworksBuildPhase section */
		3BD1E6161D76C44D003E1F10 /* Frameworks */ = {
			isa = PBXFrameworksBuildPhase;
			buildActionMask = 2147483647;
			files = (
			);
			runOnlyForDeploymentPostprocessing = 0;
		};
/* End PBXFrameworksBuildPhase section */

/* Begin PBXGroup section */
		3BD1E6101D76C44D003E1F10 = {
			isa = PBXGroup;
			children = (
				3BD1E61B1D76C44D003E1F10 /* RayCoreConcepts_SB1 */,
				3BD1E61A1D76C44D003E1F10 /* Products */,
			);
			sourceTree = "<group>";
		};
		3BD1E61A1D76C44D003E1F10 /* Products */ = {
			isa = PBXGroup;
			children = (
				3BD1E6191D76C44D003E1F10 /* RayCoreConcepts_SB1.app */,
			);
			name = Products;
			sourceTree = "<group>";
		};
		3BD1E61B1D76C44D003E1F10 /* RayCoreConcepts_SB1 */ = {
			isa = PBXGroup;
			children = (
				3BD1E61C1D76C44D003E1F10 /* AppDelegate.swift */,
				3BD1E61E1D76C44D003E1F10 /* ViewController.swift */,
				3BD1E62E1D76C9F7003E1F10 /* PlayersViewController.swift */,
				3BD1E63C1D76E171003E1F10 /* PlayerDetailsViewController.swift */,
				3BD1E6341D76CBD3003E1F10 /* SampleData.swift */,
				3BD1E6301D76CA5B003E1F10 /* Player.swift */,
				3BD1E6381D76D9F3003E1F10 /* PlayerCell.swift */,
				3BD1E6201D76C44D003E1F10 /* Main.storyboard */,
				3BD1E6361D76D852003E1F10 /* littledog.jpg */,
				3BD1E6231D76C44D003E1F10 /* Assets.xcassets */,
				3BD1E6251D76C44D003E1F10 /* LaunchScreen.storyboard */,
				3BD1E6281D76C44D003E1F10 /* Info.plist */,
			);
			path = RayCoreConcepts_SB1;
			sourceTree = "<group>";
		};
/* End PBXGroup section */

/* Begin PBXNativeTarget section */
		3BD1E6181D76C44D003E1F10 /* RayCoreConcepts_SB1 */ = {
			isa = PBXNativeTarget;
			buildConfigurationList = 3BD1E62B1D76C44D003E1F10 /* Build configuration list for PBXNativeTarget "RayCoreConcepts_SB1" */;
			buildPhases = (
				3BD1E6151D76C44D003E1F10 /* Sources */,
				3BD1E6161D76C44D003E1F10 /* Frameworks */,
				3BD1E6171D76C44D003E1F10 /* Resources */,
			);
			buildRules = (
			);
			dependencies = (
			);
			name = RayCoreConcepts_SB1;
			productName = RayCoreConcepts_SB1;
			productReference = 3BD1E6191D76C44D003E1F10 /* RayCoreConcepts_SB1.app */;
			productType = "com.apple.product-type.application";
		};
/* End PBXNativeTarget section */

/* Begin PBXProject section */
		3BD1E6111D76C44D003E1F10 /* Project object */ = {
			isa = PBXProject;
			attributes = {
				LastSwiftUpdateCheck = 0730;
				LastUpgradeCheck = 0730;
				ORGANIZATIONNAME = shendong;
				TargetAttributes = {
					3BD1E6181D76C44D003E1F10 = {
						CreatedOnToolsVersion = 7.3;
					};
				};
			};
			buildConfigurationList = 3BD1E6141D76C44D003E1F10 /* Build configuration list for PBXProject "RayCoreConcepts_SB1" */;
			compatibilityVersion = "Xcode 3.2";
			developmentRegion = English;
			hasScannedForEncodings = 0;
			knownRegions = (
				en,
				Base,
			);
			mainGroup = 3BD1E6101D76C44D003E1F10;
			productRefGroup = 3BD1E61A1D76C44D003E1F10 /* Products */;
			projectDirPath = "";
			projectRoot = "";
			targets = (
				3BD1E6181D76C44D003E1F10 /* RayCoreConcepts_SB1 */,
			);
		};
/* End PBXProject section */

/* Begin PBXResourcesBuildPhase section */
		3BD1E6171D76C44D003E1F10 /* Resources */ = {
			isa = PBXResourcesBuildPhase;
			buildActionMask = 2147483647;
			files = (
				3BD1E6371D76D852003E1F10 /* littledog.jpg in Resources */,
				3BD1E6271D76C44D003E1F10 /* LaunchScreen.storyboard in Resources */,
				3BD1E6241D76C44D003E1F10 /* Assets.xcassets in Resources */,
				3BD1E6221D76C44D003E1F10 /* Main.storyboard in Resources */,
			);
			runOnlyForDeploymentPostprocessing = 0;
		};
/* End PBXResourcesBuildPhase section */

/* Begin PBXSourcesBuildPhase section */
		3BD1E6151D76C44D003E1F10 /* Sources */ = {
			isa = PBXSourcesBuildPhase;
			buildActionMask = 2147483647;
			files = (
				3BD1E6391D76D9F3003E1F10 /* PlayerCell.swift in Sources */,
				3BD1E6311D76CA5B003E1F10 /* Player.swift in Sources */,
				3BD1E61F1D76C44D003E1F10 /* ViewController.swift in Sources */,
				3BD1E63D1D76E171003E1F10 /* PlayerDetailsViewController.swift in Sources */,
				3BD1E61D1D76C44D003E1F10 /* AppDelegate.swift in Sources */,
				3BD1E6351D76CBD3003E1F10 /* SampleData.swift in Sources */,
				3BD1E62F1D76C9F7003E1F10 /* PlayersViewController.swift in Sources */,
			);
			runOnlyForDeploymentPostprocessing = 0;
		};
/* End PBXSourcesBuildPhase section */

/* Begin PBXVariantGroup section */
		3BD1E6201D76C44D003E1F10 /* Main.storyboard */ = {
			isa = PBXVariantGroup;
			children = (
				3BD1E6211D76C44D003E1F10 /* Base */,
			);
			name = Main.storyboard;
			sourceTree = "<group>";
		};
		3BD1E6251D76C44D003E1F10 /* LaunchScreen.storyboard */ = {
			isa = PBXVariantGroup;
			children = (
				3BD1E6261D76C44D003E1F10 /* Base */,
			);
			name = LaunchScreen.storyboard;
			sourceTree = "<group>";
		};
/* End PBXVariantGroup section */

/* Begin XCBuildConfiguration section */
		3BD1E6291D76C44D003E1F10 /* Debug */ = {
			isa = XCBuildConfiguration;
			buildSettings = {
				ALWAYS_SEARCH_USER_PATHS = NO;
				CLANG_ANALYZER_NONNULL = YES;
				CLANG_CXX_LANGUAGE_STANDARD = "gnu++0x";
				CLANG_CXX_LIBRARY = "libc++";
				CLANG_ENABLE_MODULES = YES;
				CLANG_ENABLE_OBJC_ARC = YES;
				CLANG_WARN_BOOL_CONVERSION = YES;
				CLANG_WARN_CONSTANT_CONVERSION = YES;
				CLANG_WARN_DIRECT_OBJC_ISA_USAGE = YES_ERROR;
				CLANG_WARN_EMPTY_BODY = YES;
				CLANG_WARN_ENUM_CONVERSION = YES;
				CLANG_WARN_INT_CONVERSION = YES;
				CLANG_WARN_OBJC_ROOT_CLASS = YES_ERROR;
				CLANG_WARN_UNREACHABLE_CODE = YES;
				CLANG_WARN__DUPLICATE_METHOD_MATCH = YES;
				"CODE_SIGN_IDENTITY[sdk=iphoneos*]" = "iPhone Developer";
				COPY_PHASE_STRIP = NO;
				DEBUG_INFORMATION_FORMAT = dwarf;
				ENABLE_STRICT_OBJC_MSGSEND = YES;
				ENABLE_TESTABILITY = YES;
				GCC_C_LANGUAGE_STANDARD = gnu99;
				GCC_DYNAMIC_NO_PIC = NO;
				GCC_NO_COMMON_BLOCKS = YES;
				GCC_OPTIMIZATION_LEVEL = 0;
				GCC_PREPROCESSOR_DEFINITIONS = (
					"DEBUG=1",
					"$(inherited)",
				);
				GCC_WARN_64_TO_32_BIT_CONVERSION = YES;
				GCC_WARN_ABOUT_RETURN_TYPE = YES_ERROR;
				GCC_WARN_UNDECLARED_SELECTOR = YES;
				GCC_WARN_UNINITIALIZED_AUTOS = YES_AGGRESSIVE;
				GCC_WARN_UNUSED_FUNCTION = YES;
				GCC_WARN_UNUSED_VARIABLE = YES;
				IPHONEOS_DEPLOYMENT_TARGET = 9.3;
				MTL_ENABLE_DEBUG_INFO = YES;
				ONLY_ACTIVE_ARCH = YES;
				SDKROOT = iphoneos;
				SWIFT_OPTIMIZATION_LEVEL = "-Onone";
			};
			name = Debug;
		};
		3BD1E62A1D76C44D003E1F10 /* Release */ = {
			isa = XCBuildConfiguration;
			buildSettings = {
				ALWAYS_SEARCH_USER_PATHS = NO;
				CLANG_ANALYZER_NONNULL = YES;
				CLANG_CXX_LANGUAGE_STANDARD = "gnu++0x";
				CLANG_CXX_LIBRARY = "libc++";
				CLANG_ENABLE_MODULES = YES;
				CLANG_ENABLE_OBJC_ARC = YES;
				CLANG_WARN_BOOL_CONVERSION = YES;
				CLANG_WARN_CONSTANT_CONVERSION = YES;
				CLANG_WARN_DIRECT_OBJC_ISA_USAGE = YES_ERROR;
				CLANG_WARN_EMPTY_BODY = YES;
				CLANG_WARN_ENUM_CONVERSION = YES;
				CLANG_WARN_INT_CONVERSION = YES;
				CLANG_WARN_OBJC_ROOT_CLASS = YES_ERROR;
				CLANG_WARN_UNREACHABLE_CODE = YES;
				CLANG_WARN__DUPLICATE_METHOD_MATCH = YES;
				"CODE_SIGN_IDENTITY[sdk=iphoneos*]" = "iPhone Developer";
				COPY_PHASE_STRIP = NO;
				DEBUG_INFORMATION_FORMAT = "dwarf-with-dsym";
				ENABLE_NS_ASSERTIONS = NO;
				ENABLE_STRICT_OBJC_MSGSEND = YES;
				GCC_C_LANGUAGE_STANDARD = gnu99;
				GCC_NO_COMMON_BLOCKS = YES;
				GCC_WARN_64_TO_32_BIT_CONVERSION = YES;
				GCC_WARN_ABOUT_RETURN_TYPE = YES_ERROR;
				GCC_WARN_UNDECLARED_SELECTOR = YES;
				GCC_WARN_UNINITIALIZED_AUTOS = YES_AGGRESSIVE;
				GCC_WARN_UNUSED_FUNCTION = YES;
				GCC_WARN_UNUSED_VARIABLE = YES;
				IPHONEOS_DEPLOYMENT_TARGET = 9.3;
				MTL_ENABLE_DEBUG_INFO = NO;
				SDKROOT = iphoneos;
				VALIDATE_PRODUCT = YES;
			};
			name = Release;
		};
		3BD1E62C1D76C44D003E1F10 /* Debug */ = {
			isa = XCBuildConfiguration;
			buildSettings = {
				ASSETCATALOG_COMPILER_APPICON_NAME = AppIcon;
				INFOPLIST_FILE = RayCoreConcepts_SB1/Info.plist;
				LD_RUNPATH_SEARCH_PATHS = "$(inherited) @executable_path/Frameworks";
				PRODUCT_BUNDLE_IDENTIFIER = "daxiang.RayCoreConcepts-SB1";
				PRODUCT_NAME = "$(TARGET_NAME)";
			};
			name = Debug;
		};
		3BD1E62D1D76C44D003E1F10 /* Release */ = {
			isa = XCBuildConfiguration;
			buildSettings = {
				ASSETCATALOG_COMPILER_APPICON_NAME = AppIcon;
				INFOPLIST_FILE = RayCoreConcepts_SB1/Info.plist;
				LD_RUNPATH_SEARCH_PATHS = "$(inherited) @executable_path/Frameworks";
				PRODUCT_BUNDLE_IDENTIFIER = "daxiang.RayCoreConcepts-SB1";
				PRODUCT_NAME = "$(TARGET_NAME)";
			};
			name = Release;
		};
/* End XCBuildConfiguration section */

/* Begin XCConfigurationList section */
		3BD1E6141D76C44D003E1F10 /* Build configuration list for PBXProject "RayCoreConcepts_SB1" */ = {
			isa = XCConfigurationList;
			buildConfigurations = (
				3BD1E6291D76C44D003E1F10 /* Debug */,
				3BD1E62A1D76C44D003E1F10 /* Release */,
			);
			defaultConfigurationIsVisible = 0;
			defaultConfigurationName = Release;
		};
		3BD1E62B1D76C44D003E1F10 /* Build configuration list for PBXNativeTarget "RayCoreConcepts_SB1" */ = {
			isa = XCConfigurationList;
			buildConfigurations = (
				3BD1E62C1D76C44D003E1F10 /* Debug */,
				3BD1E62D1D76C44D003E1F10 /* Release */,
			);
			defaultConfigurationIsVisible = 0;
		};
/* End XCConfigurationList section */
	};
	rootObject = 3BD1E6111D76C44D003E1F10 /* Project object */;
}
